
Microsoft Visual Studio Solution File, Format Version 12.00
# Visual Studio Version 16
VisualStudioVersion = 16.0.28803.452
MinimumVisualStudioVersion = 10.0.40219.1
Project("{9A19103F-16F7-4668-BE54-9A1E7A4F7556}") = "Maruko.Core", "src\Maruko\Maruko.Core.csproj", "{1F84AC16-2532-4D57-933A-B1DEC0B96FE4}"
EndProject
Project("{9A19103F-16F7-4668-BE54-9A1E7A4F7556}") = "Maruko.Core.AutoMapper", "src\Maruko.AutoMapper\Maruko.Core.AutoMapper.csproj", "{6CAE4580-CEFD-455B-AD52-5BAE1BC4A94A}"
EndProject
Project("{9A19103F-16F7-4668-BE54-9A1E7A4F7556}") = "Maruko.Core.FreeSql", "src\Maruko.FreeSql\Maruko.Core.FreeSql.csproj", "{C0D2C229-0A70-4805-A5A3-EB5D6EA71A46}"
EndProject
Project("{9A19103F-16F7-4668-BE54-9A1E7A4F7556}") = "Maruko.Core.Test", "src\Maruko.Core.Test\Maruko.Core.Test.csproj", "{5D0AE250-D9E8-4154-8F4F-410F01C2955D}"
EndProject
Project("{9A19103F-16F7-4668-BE54-9A1E7A4F7556}") = "Maruko.Core.Web", "src\Maruko.Core.Web\Maruko.Core.Web.csproj", "{F418DE49-0EDD-46B6-B3B3-956A1910D072}"
EndProject
Project("{2150E333-8FDC-42A3-9474-1A3956D46DE8}") = "Zero", "Zero", "{FBAA9A65-C62B-4B4E-BC5F-248C670D397E}"
EndProject
Project("{9A19103F-16F7-4668-BE54-9A1E7A4F7556}") = "Maruko.Zero", "zero\Maruko.Zero\Maruko.Zero.csproj", "{1205584A-FBAD-4D98-AF0A-1FA17BB182A2}"
EndProject
Project("{9A19103F-16F7-4668-BE54-9A1E7A4F7556}") = "Maruko.CodeGeneration", "src\Maruko.CodeGeneration\Maruko.CodeGeneration.csproj", "{046083B5-F614-4C9F-BBE7-8BE2AA4E509D}"
EndProject
Project("{9A19103F-16F7-4668-BE54-9A1E7A4F7556}") = "Maruko.Dynamic.Config", "dynamic\Maruko.Dynamic.Config\Maruko.Dynamic.Config.csproj", "{D750A8F0-C6FF-46E1-913F-52F4DA74FE49}"
EndProject
Project("{FAE04EC0-301F-11D3-BF4B-00C04F79EFBC}") = "WebApplication2", "..\WebApplication2\WebApplication2.csproj", "{5A048CE2-11D0-4E7C-A799-88A5A6CE9A4B}"
EndProject
Project("{2150E333-8FDC-42A3-9474-1A3956D46DE8}") = "Dynamic.Config", "Dynamic.Config", "{471F1509-E180-4737-A894-B29D1C72F798}"
EndProject
Global
	GlobalSection(SolutionConfigurationPlatforms) = preSolution
		Debug|Any CPU = Debug|Any CPU
		Release|Any CPU = Release|Any CPU
	EndGlobalSection
	GlobalSection(ProjectConfigurationPlatforms) = postSolution
		{1F84AC16-2532-4D57-933A-B1DEC0B96FE4}.Debug|Any CPU.ActiveCfg = Debug|Any CPU
		{1F84AC16-2532-4D57-933A-B1DEC0B96FE4}.Debug|Any CPU.Build.0 = Debug|Any CPU
		{1F84AC16-2532-4D57-933A-B1DEC0B96FE4}.Release|Any CPU.ActiveCfg = Release|Any CPU
		{1F84AC16-2532-4D57-933A-B1DEC0B96FE4}.Release|Any CPU.Build.0 = Release|Any CPU
		{6CAE4580-CEFD-455B-AD52-5BAE1BC4A94A}.Debug|Any CPU.ActiveCfg = Debug|Any CPU
		{6CAE4580-CEFD-455B-AD52-5BAE1BC4A94A}.Debug|Any CPU.Build.0 = Debug|Any CPU
		{6CAE4580-CEFD-455B-AD52-5BAE1BC4A94A}.Release|Any CPU.ActiveCfg = Release|Any CPU
		{6CAE4580-CEFD-455B-AD52-5BAE1BC4A94A}.Release|Any CPU.Build.0 = Release|Any CPU
		{C0D2C229-0A70-4805-A5A3-EB5D6EA71A46}.Debug|Any CPU.ActiveCfg = Debug|Any CPU
		{C0D2C229-0A70-4805-A5A3-EB5D6EA71A46}.Debug|Any CPU.Build.0 = Debug|Any CPU
		{C0D2C229-0A70-4805-A5A3-EB5D6EA71A46}.Release|Any CPU.ActiveCfg = Release|Any CPU
		{C0D2C229-0A70-4805-A5A3-EB5D6EA71A46}.Release|Any CPU.Build.0 = Release|Any CPU
		{5D0AE250-D9E8-4154-8F4F-410F01C2955D}.Debug|Any CPU.ActiveCfg = Debug|Any CPU
		{5D0AE250-D9E8-4154-8F4F-410F01C2955D}.Debug|Any CPU.Build.0 = Debug|Any CPU
		{5D0AE250-D9E8-4154-8F4F-410F01C2955D}.Release|Any CPU.ActiveCfg = Release|Any CPU
		{5D0AE250-D9E8-4154-8F4F-410F01C2955D}.Release|Any CPU.Build.0 = Release|Any CPU
		{F418DE49-0EDD-46B6-B3B3-956A1910D072}.Debug|Any CPU.ActiveCfg = Debug|Any CPU
		{F418DE49-0EDD-46B6-B3B3-956A1910D072}.Debug|Any CPU.Build.0 = Debug|Any CPU
		{F418DE49-0EDD-46B6-B3B3-956A1910D072}.Release|Any CPU.ActiveCfg = Release|Any CPU
		{F418DE49-0EDD-46B6-B3B3-956A1910D072}.Release|Any CPU.Build.0 = Release|Any CPU
		{1205584A-FBAD-4D98-AF0A-1FA17BB182A2}.Debug|Any CPU.ActiveCfg = Debug|Any CPU
		{1205584A-FBAD-4D98-AF0A-1FA17BB182A2}.Debug|Any CPU.Build.0 = Debug|Any CPU
		{1205584A-FBAD-4D98-AF0A-1FA17BB182A2}.Release|Any CPU.ActiveCfg = Release|Any CPU
		{1205584A-FBAD-4D98-AF0A-1FA17BB182A2}.Release|Any CPU.Build.0 = Release|Any CPU
		{046083B5-F614-4C9F-BBE7-8BE2AA4E509D}.Debug|Any CPU.ActiveCfg = Debug|Any CPU
		{046083B5-F614-4C9F-BBE7-8BE2AA4E509D}.Debug|Any CPU.Build.0 = Debug|Any CPU
		{046083B5-F614-4C9F-BBE7-8BE2AA4E509D}.Release|Any CPU.ActiveCfg = Release|Any CPU
		{046083B5-F614-4C9F-BBE7-8BE2AA4E509D}.Release|Any CPU.Build.0 = Release|Any CPU
		{D750A8F0-C6FF-46E1-913F-52F4DA74FE49}.Debug|Any CPU.ActiveCfg = Debug|Any CPU
		{D750A8F0-C6FF-46E1-913F-52F4DA74FE49}.Debug|Any CPU.Build.0 = Debug|Any CPU
		{D750A8F0-C6FF-46E1-913F-52F4DA74FE49}.Release|Any CPU.ActiveCfg = Release|Any CPU
		{D750A8F0-C6FF-46E1-913F-52F4DA74FE49}.Release|Any CPU.Build.0 = Release|Any CPU
		{5A048CE2-11D0-4E7C-A799-88A5A6CE9A4B}.Debug|Any CPU.ActiveCfg = Debug|Any CPU
		{5A048CE2-11D0-4E7C-A799-88A5A6CE9A4B}.Debug|Any CPU.Build.0 = Debug|Any CPU
		{5A048CE2-11D0-4E7C-A799-88A5A6CE9A4B}.Release|Any CPU.ActiveCfg = Release|Any CPU
		{5A048CE2-11D0-4E7C-A799-88A5A6CE9A4B}.Release|Any CPU.Build.0 = Release|Any CPU
	EndGlobalSection
	GlobalSection(SolutionProperties) = preSolution
		HideSolutionNode = FALSE
	EndGlobalSection
	GlobalSection(NestedProjects) = preSolution
		{1205584A-FBAD-4D98-AF0A-1FA17BB182A2} = {FBAA9A65-C62B-4B4E-BC5F-248C670D397E}
		{D750A8F0-C6FF-46E1-913F-52F4DA74FE49} = {471F1509-E180-4737-A894-B29D1C72F798}
	EndGlobalSection
	GlobalSection(ExtensibilityGlobals) = postSolution
		SolutionGuid = {17B06909-4D98-465A-815D-F0EDDCE602DA}
	EndGlobalSection
EndGlobal
